version = 1
revision = 3
requires-python = ">=3.12"

[[package]]
name = "aws-drias"
version = "0.1.0"
source = { virtual = "." }
dependencies = [
    { name = "boto3" },
    { name = "tqdm" },
]

[package.dev-dependencies]
dev = [
    { name = "boto3-stubs", extra = ["essential"] },
]

[package.metadata]
requires-dist = [
    { name = "boto3", specifier = ">=1.42.36" },
    { name = "tqdm", specifier = ">=4.67.3" },
]

[package.metadata.requires-dev]
dev = [{ name = "boto3-stubs", extras = ["essential"], specifier = ">=1.42.51" }]

[[package]]
name = "boto3"
version = "1.42.36"
source = { registry = "https://pypi.org/simple" }
dependencies = [
    { name = "botocore" },
    { name = "jmespath" },
    { name = "s3transfer" },
]
sdist = { url = "https://files.pythonhosted.org/packages/54/06/50ff808cf4f40efada8edc20f9d563ab287864423c874dfb94f755a60c52/boto3-1.42.36.tar.gz", hash = "sha256:a4eb51105c8c5d7b2bc2a9e2316e69baf69a55611275b9f189c0cf59f1aae171", size = 112839, upload-time = "2026-01-27T20:38:26.992Z" }
wheels = [
    { url = "https://files.pythonhosted.org/packages/8d/d1/35d12f04a7792e2f5e9ddff3c7b60493a32027761380dee7f24ee8ae80cc/boto3-1.42.36-py3-none-any.whl", hash = "sha256:e0ff6f2747bfdec63405b35ea185a7aea35239c3f4fe99e4d29368a6de9c4a84", size = 140604, upload-time = "2026-01-27T20:38:25.349Z" },
]

[[package]]
name = "boto3-stubs"
version = "1.42.51"
source = { registry = "https://pypi.org/simple" }
dependencies = [
    { name = "botocore-stubs" },
    { name = "types-s3transfer" },
]
sdist = { url = "https://files.pythonhosted.org/packages/1c/69/41759e8fd0b256da1c46a8ef8336265dd6f3c40e974ef9413bcded8e2603/boto3_stubs-1.42.51.tar.gz", hash = "sha256:0fdc9d7a43ec5790c0067cfa037f4018f9927c287fdf2f9cd5c9849173656ec0", size = 100532, upload-time = "2026-02-17T21:34:51.45Z" }
wheels = [
    { url = "https://files.pythonhosted.org/packages/44/9e/6a17847e54c42029892126a3d82b3a0122d41686ab75ab2647f6913c57bd/boto3_stubs-1.42.51-py3-none-any.whl", hash = "sha256:af6cad5fb5356ebacfdd7d40dd1a9ad352dae30de03e041991f8520d9a4c9900", size = 69587, upload-time = "2026-02-17T21:34:47.038Z" },
]

[package.optional-dependencies]
essential = [
    { name = "mypy-boto3-cloudformation" },
    { name = "mypy-boto3-dynamodb" },
    { name = "mypy-boto3-ec2" },
    { name = "mypy-boto3-lambda" },
    { name = "mypy-boto3-rds" },
    { name = "mypy-boto3-s3" },
    { name = "mypy-boto3-sqs" },
]

[[package]]
name = "botocore"
version = "1.42.36"
source = { registry = "https://pypi.org/simple" }
dependencies = [
    { name = "jmespath" },
    { name = "python-dateutil" },
    { name = "urllib3" },
]
sdist = { url = "https://files.pythonhosted.org/packages/66/4e/b24089cf7a77d38886ac4fbae300a3c4c6d68c1b9ccb66af03cb07b6c35c/botocore-1.42.36.tar.gz", hash = "sha256:2ebd89cc75927944e2cee51b7adce749f38e0cb269a758a6464a27f8bcca65fb", size = 14909073, upload-time = "2026-01-27T20:38:16.621Z" }
wheels = [
    { url = "https://files.pythonhosted.org/packages/e6/e8/f14d25bd768187424b385bc6a44e2ed5e96964e461ba019add03e48713c7/botocore-1.42.36-py3-none-any.whl", hash = "sha256:2cfae4c482e5e87bd835ab4289b711490c161ba57e852c06b65a03e7c25e08eb", size = 14583066, upload-time = "2026-01-27T20:38:14.02Z" },
]

[[package]]
name = "botocore-stubs"
version = "1.42.41"
source = { registry = "https://pypi.org/simple" }
dependencies = [
    { name = "types-awscrt" },
]
sdist = { url = "https://files.pythonhosted.org/packages/0c/a8/a26608ff39e3a5866c6c79eda10133490205cbddd45074190becece3ff2a/botocore_stubs-1.42.41.tar.gz", hash = "sha256:dbeac2f744df6b814ce83ec3f3777b299a015cbea57a2efc41c33b8c38265825", size = 42411, upload-time = "2026-02-03T20:46:14.479Z" }
wheels = [
    { url = "https://files.pythonhosted.org/packages/32/76/cab7af7f16c0b09347f2ebe7ffda7101132f786acb767666dce43055faab/botocore_stubs-1.42.41-py3-none-any.whl", hash = "sha256:9423110fb0e391834bd2ed44ae5f879d8cb370a444703d966d30842ce2bcb5f0", size = 66759, upload-time = "2026-02-03T20:46:13.02Z" },
]

[[package]]
name = "colorama"
version = "0.4.6"
source = { registry = "https://pypi.org/simple" }
sdist = { url = "https://files.pythonhosted.org/packages/d8/53/6f443c9a4a8358a93a6792e2acffb9d9d5cb0a5cfd8802644b7b1c9a02e4/colorama-0.4.6.tar.gz", hash = "sha256:08695f5cb7ed6e0531a20572697297273c47b8cae5a63ffc6d6ed5c201be6e44", size = 27697, upload-time = "2022-10-25T02:36:22.414Z" }
wheels = [
    { url = "https://files.pythonhosted.org/packages/d1/d6/3965ed04c63042e047cb6a3e6ed1a63a35087b6a609aa3a15ed8ac56c221/colorama-0.4.6-py2.py3-none-any.whl", hash = "sha256:4f1d9991f5acc0ca119f9d443620b77f9d6b33703e51011c16baf57afb285fc6", size = 25335, upload-time = "2022-10-25T02:36:20.889Z" },
]

[[package]]
name = "jmespath"
version = "1.1.0"
source = { registry = "https://pypi.org/simple" }
sdist = { url = "https://files.pythonhosted.org/packages/d3/59/322338183ecda247fb5d1763a6cbe46eff7222eaeebafd9fa65d4bf5cb11/jmespath-1.1.0.tar.gz", hash = "sha256:472c87d80f36026ae83c6ddd0f1d05d4e510134ed462851fd5f754c8c3cbb88d", size = 27377, upload-time = "2026-01-22T16:35:26.279Z" }
wheels = [
    { url = "https://files.pythonhosted.org/packages/14/2f/967ba146e6d58cf6a652da73885f52fc68001525b4197effc174321d70b4/jmespath-1.1.0-py3-none-any.whl", hash = "sha256:a5663118de4908c91729bea0acadca56526eb2698e83de10cd116ae0f4e97c64", size = 20419, upload-time = "2026-01-22T16:35:24.919Z" },
]

[[package]]
name = "mypy-boto3-cloudformation"
version = "1.42.3"
source = { registry = "https://pypi.org/simple" }
sdist = { url = "https://files.pythonhosted.org/packages/4c/6a/5a56081f693680fae9a0cf5d04358a9c69b7c06fc36605192acfcc70da75/mypy_boto3_cloudformation-1.42.3.tar.gz", hash = "sha256:3bd3849bc89a371d4c368691535b320244ba00579cddd63bb58b73f28d70e510", size = 61118, upload-time = "2025-12-04T20:57:30.382Z" }
wheels = [
    { url = "https://files.pythonhosted.org/packages/76/4b/97b5a89b5c5ca057180901859a7cea1f163e1bef1e1ccff61a731b0db6a0/mypy_boto3_cloudformation-1.42.3-py3-none-any.whl", hash = "sha256:d4c802dd78844f10e944143b9f40c2c1199ed5f57f3540ab7bfc2281ac5bcaf0", size = 72126, upload-time = "2025-12-04T20:57:27.664Z" },
]

[[package]]
name = "mypy-boto3-dynamodb"
version = "1.42.41"
source = { registry = "https://pypi.org/simple" }
sdist = { url = "https://files.pythonhosted.org/packages/ae/3f/34530be07d07e4187304c8e02d6dba487abc6d2e1dc4c10301c6258282e1/mypy_boto3_dynamodb-1.42.41.tar.gz", hash = "sha256:6102c5ecf25b1ef485274ca9c6af79eb76f66200cd075515edd2b96565f9892d", size = 48617, upload-time = "2026-02-03T21:05:37.67Z" }
wheels = [
    { url = "https://files.pythonhosted.org/packages/e8/99/83a4cd943648eaf37d87f910afd43a09d6bd028f4d5108eefed858d8e69d/mypy_boto3_dynamodb-1.42.41-py3-none-any.whl", hash = "sha256:0e0f33d9babb17e7b1308e0dba3dcf1145115a0ceb354b5426e44cc68c44a5a1", size = 58701, upload-time = "2026-02-03T21:05:33.772Z" },
]

[[package]]
name = "mypy-boto3-ec2"
version = "1.42.51"
source = { registry = "https://pypi.org/simple" }
sdist = { url = "https://files.pythonhosted.org/packages/71/49/9f065862bb349b22a59ef3c20948040545bc1aafacc7057159ba8dd0338c/mypy_boto3_ec2-1.42.51.tar.gz", hash = "sha256:c9e4352d7dc69b2232870997c05a9fb77e52e8388c3382ad30a38930a80b6d2a", size = 440829, upload-time = "2026-02-17T21:29:53.716Z" }
wheels = [
    { url = "https://files.pythonhosted.org/packages/ea/5f/2003deb8d21264305bec20ab9910fccc4dad812a8495fc429757f0d2d9d8/mypy_boto3_ec2-1.42.51-py3-none-any.whl", hash = "sha256:db100060f082df3142625976379deceb015593589f3242e89427421cc839677d", size = 430189, upload-time = "2026-02-17T21:29:49.579Z" },
]

[[package]]
name = "mypy-boto3-lambda"
version = "1.42.37"
source = { registry = "https://pypi.org/simple" }
sdist = { url = "https://files.pythonhosted.org/packages/f6/a8/caec8f9a196143f991c603b9364b0a1300b5c54d0c833c6c1dc792b3050c/mypy_boto3_lambda-1.42.37.tar.gz", hash = "sha256:94f7f0708f9b5ffa5b8b3eb6d564be1ef402ebb8b8cd96045332b7a3bc1ea0e0", size = 51821, upload-time = "2026-01-28T20:51:44.74Z" }
wheels = [
    { url = "https://files.pythonhosted.org/packages/b8/4c/d172fac61aa689c96fe286e7adb9774e5094f5c0a52fa1a6888699b47d7f/mypy_boto3_lambda-1.42.37-py3-none-any.whl", hash = "sha256:9614518cbe3c300d3d1e2d9c3d857c3829c44a8544c4cd4ca393d35181b22619", size = 60175, upload-time = "2026-01-28T20:51:39.865Z" },
]

[[package]]
name = "mypy-boto3-rds"
version = "1.42.51"
source = { registry = "https://pypi.org/simple" }
sdist = { url = "https://files.pythonhosted.org/packages/b1/c3/f581402e1b7a39c4220599ccf2dba2fb91db57095a0d1c975fc49501fa57/mypy_boto3_rds-1.42.51.tar.gz", hash = "sha256:d09d0cf5070eb51ac8aedacb63594d689fe8c279a1c836dfbd06a714caac8bde", size = 86300, upload-time = "2026-02-17T21:34:40.466Z" }
wheels = [
    { url = "https://files.pythonhosted.org/packages/8c/ce/5c8aab9e0853b29b766dc2b82e9a732d82b8e2217f0384830749dcc4067c/mypy_boto3_rds-1.42.51-py3-none-any.whl", hash = "sha256:a2e01011dc235e9ce250dbc6a71f106ace5a4830e37ebbd041b3321cac4905c1", size = 93033, upload-time = "2026-02-17T21:29:47.408Z" },
]

[[package]]
name = "mypy-boto3-s3"
version = "1.42.37"
source = { registry = "https://pypi.org/simple" }
sdist = { url = "https://files.pythonhosted.org/packages/e6/41/44066f4cd3421bacb6aad4ec7b1da8d0f8858560e526166db64d95fa7ad7/mypy_boto3_s3-1.42.37.tar.gz", hash = "sha256:628a4652f727870a07e1c3854d6f30dc545a7dd5a4b719a2c59c32a95d92e4c1", size = 76317, upload-time = "2026-01-28T20:51:52.971Z" }
wheels = [
    { url = "https://files.pythonhosted.org/packages/94/06/cb6050ecd72f5fa449bac80ad1a4711719367c4f545201317f36e3999784/mypy_boto3_s3-1.42.37-py3-none-any.whl", hash = "sha256:7c118665f3f583dbfde1013ce47908749f9d2a760f28f59ec65732306ee9cec9", size = 83439, upload-time = "2026-01-28T20:51:49.99Z" },
]

[[package]]
name = "mypy-boto3-sqs"
version = "1.42.3"
source = { registry = "https://pypi.org/simple" }
sdist = { url = "https://files.pythonhosted.org/packages/e8/e4/e326b1072218996c5cb4c3969eb4bbf1fb67a89937974febdebe7bf9d98a/mypy_boto3_sqs-1.42.3.tar.gz", hash = "sha256:699995b9a6f69a97c6d3e9126a76f06751e3b405640174fe7c20fe71d9ddc82a", size = 23267, upload-time = "2025-12-04T21:13:27.326Z" }
wheels = [
    { url = "https://files.pythonhosted.org/packages/00/fb/216fe53352b7f4abfafe25bb38a1cdba224b0280d552c789da592aa21bd2/mypy_boto3_sqs-1.42.3-py3-none-any.whl", hash = "sha256:a1f4ddf8f84112931a4814f0b5ff63e3ec026a07fbbc68e60bf15fa697dc214e", size = 33507, upload-time = "2025-12-04T21:13:23.725Z" },
]

[[package]]
name = "python-dateutil"
version = "2.9.0.post0"
source = { registry = "https://pypi.org/simple" }
dependencies = [
    { name = "six" },
]
sdist = { url = "https://files.pythonhosted.org/packages/66/c0/0c8b6ad9f17a802ee498c46e004a0eb49bc148f2fd230864601a86dcf6db/python-dateutil-2.9.0.post0.tar.gz", hash = "sha256:37dd54208da7e1cd875388217d5e00ebd4179249f90fb72437e91a35459a0ad3", size = 342432, upload-time = "2024-03-01T18:36:20.211Z" }
wheels = [
    { url = "https://files.pythonhosted.org/packages/ec/57/56b9bcc3c9c6a792fcbaf139543cee77261f3651ca9da0c93f5c1221264b/python_dateutil-2.9.0.post0-py2.py3-none-any.whl", hash = "sha256:a8b2bc7bffae282281c8140a97d3aa9c14da0b136dfe83f850eea9a5f7470427", size = 229892, upload-time = "2024-03-01T18:36:18.57Z" },
]

[[package]]
name = "s3transfer"
version = "0.16.0"
source = { registry = "https://pypi.org/simple" }
dependencies = [
    { name = "botocore" },
]
sdist = { url = "https://files.pythonhosted.org/packages/05/04/74127fc843314818edfa81b5540e26dd537353b123a4edc563109d8f17dd/s3transfer-0.16.0.tar.gz", hash = "sha256:8e990f13268025792229cd52fa10cb7163744bf56e719e0b9cb925ab79abf920", size = 153827, upload-time = "2025-12-01T02:30:59.114Z" }
wheels = [
    { url = "https://files.pythonhosted.org/packages/fc/51/727abb13f44c1fcf6d145979e1535a35794db0f6e450a0cb46aa24732fe2/s3transfer-0.16.0-py3-none-any.whl", hash = "sha256:18e25d66fed509e3868dc1572b3f427ff947dd2c56f844a5bf09481ad3f3b2fe", size = 86830, upload-time = "2025-12-01T02:30:57.729Z" },
]

[[package]]
name = "six"
version = "1.17.0"
source = { registry = "https://pypi.org/simple" }
sdist = { url = "https://files.pythonhosted.org/packages/94/e7/b2c673351809dca68a0e064b6af791aa332cf192da575fd474ed7d6f16a2/six-1.17.0.tar.gz", hash = "sha256:ff70335d468e7eb6ec65b95b99d3a2836546063f63acc5171de367e834932a81", size = 34031, upload-time = "2024-12-04T17:35:28.174Z" }
wheels = [
    { url = "https://files.pythonhosted.org/packages/b7/ce/149a00dd41f10bc29e5921b496af8b574d8413afcd5e30dfa0ed46c2cc5e/six-1.17.0-py2.py3-none-any.whl", hash = "sha256:4721f391ed90541fddacab5acf947aa0d3dc7d27b2e1e8eda2be8970586c3274", size = 11050, upload-time = "2024-12-04T17:35:26.475Z" },
]

[[package]]
name = "tqdm"
version = "4.67.3"
source = { registry = "https://pypi.org/simple" }
dependencies = [
    { name = "colorama", marker = "sys_platform == 'win32'" },
]
sdist = { url = "https://files.pythonhosted.org/packages/09/a9/6ba95a270c6f1fbcd8dac228323f2777d886cb206987444e4bce66338dd4/tqdm-4.67.3.tar.gz", hash = "sha256:7d825f03f89244ef73f1d4ce193cb1774a8179fd96f31d7e1dcde62092b960bb", size = 169598, upload-time = "2026-02-03T17:35:53.048Z" }
wheels = [
    { url = "https://files.pythonhosted.org/packages/16/e1/3079a9ff9b8e11b846c6ac5c8b5bfb7ff225eee721825310c91b3b50304f/tqdm-4.67.3-py3-none-any.whl", hash = "sha256:ee1e4c0e59148062281c49d80b25b67771a127c85fc9676d3be5f243206826bf", size = 78374, upload-time = "2026-02-03T17:35:50.982Z" },
]

[[package]]
name = "types-awscrt"
version = "0.31.2"
source = { registry = "https://pypi.org/simple" }
sdist = { url = "https://files.pythonhosted.org/packages/18/24/5497a611f32cbaf4b9e1af35f56463e8f02e198ec513b68cb59a63f5a446/types_awscrt-0.31.2.tar.gz", hash = "sha256:dc79705acd24094656b8105b8d799d7e273c8eac37c69137df580cd84beb54f6", size = 18190, upload-time = "2026-02-16T02:33:53.135Z" }
wheels = [
    { url = "https://files.pythonhosted.org/packages/ab/3d/21a2212b5fcef9e8e9f368403885dc567b7d31e50b2ce393efad3cd83572/types_awscrt-0.31.2-py3-none-any.whl", hash = "sha256:3d6a29c1cca894b191be408f4d985a8e3a14d919785652dd3fa4ee558143e4bf", size = 43340, upload-time = "2026-02-16T02:33:52.109Z" },
]

[[package]]
name = "types-s3transfer"
version = "0.16.0"
source = { registry = "https://pypi.org/simple" }
sdist = { url = "https://files.pythonhosted.org/packages/fe/64/42689150509eb3e6e82b33ee3d89045de1592488842ddf23c56957786d05/types_s3transfer-0.16.0.tar.gz", hash = "sha256:b4636472024c5e2b62278c5b759661efeb52a81851cde5f092f24100b1ecb443", size = 13557, upload-time = "2025-12-08T08:13:09.928Z" }
wheels = [
    { url = "https://files.pythonhosted.org/packages/98/27/e88220fe6274eccd3bdf95d9382918716d312f6f6cef6a46332d1ee2feff/types_s3transfer-0.16.0-py3-none-any.whl", hash = "sha256:1c0cd111ecf6e21437cb410f5cddb631bfb2263b77ad973e79b9c6d0cb24e0ef", size = 19247, upload-time = "2025-12-08T08:13:08.426Z" },
]

[[package]]
name = "urllib3"
version = "2.6.3"
source = { registry = "https://pypi.org/simple" }
sdist = { url = "https://files.pythonhosted.org/packages/c7/24/5f1b3bdffd70275f6661c76461e25f024d5a38a46f04aaca912426a2b1d3/urllib3-2.6.3.tar.gz", hash = "sha256:1b62b6884944a57dbe321509ab94fd4d3b307075e0c2eae991ac71ee15ad38ed", size = 435556, upload-time = "2026-01-07T16:24:43.925Z" }
wheels = [
    { url = "https://files.pythonhosted.org/packages/39/08/aaaad47bc4e9dc8c725e68f9d04865dbcb2052843ff09c97b08904852d84/urllib3-2.6.3-py3-none-any.whl", hash = "sha256:bf272323e553dfb2e87d9bfd225ca7b0f467b919d7bbd355436d3fd37cb0acd4", size = 131584, upload-time = "2026-01-07T16:24:42.685Z" },
]
